
Microsoft Visual Studio Solution File, Format Version 12.00
# Visual Studio Version 16
VisualStudioVersion = 16.0.29215.179
MinimumVisualStudioVersion = 10.0.40219.1
Project("{FAE04EC0-301F-11D3-BF4B-00C04F79EFBC}") = "WeDoScan", "WeDoScan\WeDoScan.csproj", "{60E657F3-1E5F-42C3-8C93-B53543C5E74E}"
	ProjectSection(ProjectDependencies) = postProject
		{AB0071D1-7D94-4339-AF46-2A4630C90310} = {AB0071D1-7D94-4339-AF46-2A4630C90310}
	EndProjectSection
EndProject
Project("{FAE04EC0-301F-11D3-BF4B-00C04F79EFBC}") = "wclWeDoFramework", "WeDo Framework\wclWeDoFramework.csproj", "{AB0071D1-7D94-4339-AF46-2A4630C90310}"
EndProject
Project("{FAE04EC0-301F-11D3-BF4B-00C04F79EFBC}") = "WeDoHubButton", "WeDoHubButton\WeDoHubButton.csproj", "{FF3CAB99-9245-4774-9B17-0967371AD98E}"
	ProjectSection(ProjectDependencies) = postProject
		{AB0071D1-7D94-4339-AF46-2A4630C90310} = {AB0071D1-7D94-4339-AF46-2A4630C90310}
	EndProjectSection
EndProject
Project("{FAE04EC0-301F-11D3-BF4B-00C04F79EFBC}") = "WeDoPiezo", "WeDoPiezo\WeDoPiezo.csproj", "{D663830A-8C4D-4839-BD63-52E7B4F17CDA}"
	ProjectSection(ProjectDependencies) = postProject
		{AB0071D1-7D94-4339-AF46-2A4630C90310} = {AB0071D1-7D94-4339-AF46-2A4630C90310}
	EndProjectSection
EndProject
Project("{FAE04EC0-301F-11D3-BF4B-00C04F79EFBC}") = "WeDoRgb", "WeDoRgb\WeDoRgb.csproj", "{39FBCF15-7777-4700-A8FC-F6CA76BE62FA}"
	ProjectSection(ProjectDependencies) = postProject
		{AB0071D1-7D94-4339-AF46-2A4630C90310} = {AB0071D1-7D94-4339-AF46-2A4630C90310}
	EndProjectSection
EndProject
Project("{FAE04EC0-301F-11D3-BF4B-00C04F79EFBC}") = "WeDoMotor", "WeDoMotor\WeDoMotor.csproj", "{D61A9DF2-FF23-45C6-BAB7-64376B9C6794}"
	ProjectSection(ProjectDependencies) = postProject
		{AB0071D1-7D94-4339-AF46-2A4630C90310} = {AB0071D1-7D94-4339-AF46-2A4630C90310}
	EndProjectSection
EndProject
Global
	GlobalSection(SolutionConfigurationPlatforms) = preSolution
		Debug|Any CPU = Debug|Any CPU
		Release|Any CPU = Release|Any CPU
	EndGlobalSection
	GlobalSection(ProjectConfigurationPlatforms) = postSolution
		{60E657F3-1E5F-42C3-8C93-B53543C5E74E}.Debug|Any CPU.ActiveCfg = Debug|Any CPU
		{60E657F3-1E5F-42C3-8C93-B53543C5E74E}.Debug|Any CPU.Build.0 = Debug|Any CPU
		{60E657F3-1E5F-42C3-8C93-B53543C5E74E}.Release|Any CPU.ActiveCfg = Release|Any CPU
		{60E657F3-1E5F-42C3-8C93-B53543C5E74E}.Release|Any CPU.Build.0 = Release|Any CPU
		{AB0071D1-7D94-4339-AF46-2A4630C90310}.Debug|Any CPU.ActiveCfg = Debug|Any CPU
		{AB0071D1-7D94-4339-AF46-2A4630C90310}.Debug|Any CPU.Build.0 = Debug|Any CPU
		{AB0071D1-7D94-4339-AF46-2A4630C90310}.Release|Any CPU.ActiveCfg = Release|Any CPU
		{AB0071D1-7D94-4339-AF46-2A4630C90310}.Release|Any CPU.Build.0 = Release|Any CPU
		{FF3CAB99-9245-4774-9B17-0967371AD98E}.Debug|Any CPU.ActiveCfg = Debug|Any CPU
		{FF3CAB99-9245-4774-9B17-0967371AD98E}.Debug|Any CPU.Build.0 = Debug|Any CPU
		{FF3CAB99-9245-4774-9B17-0967371AD98E}.Release|Any CPU.ActiveCfg = Release|Any CPU
		{FF3CAB99-9245-4774-9B17-0967371AD98E}.Release|Any CPU.Build.0 = Release|Any CPU
		{D663830A-8C4D-4839-BD63-52E7B4F17CDA}.Debug|Any CPU.ActiveCfg = Debug|Any CPU
		{D663830A-8C4D-4839-BD63-52E7B4F17CDA}.Debug|Any CPU.Build.0 = Debug|Any CPU
		{D663830A-8C4D-4839-BD63-52E7B4F17CDA}.Release|Any CPU.ActiveCfg = Release|Any CPU
		{D663830A-8C4D-4839-BD63-52E7B4F17CDA}.Release|Any CPU.Build.0 = Release|Any CPU
		{39FBCF15-7777-4700-A8FC-F6CA76BE62FA}.Debug|Any CPU.ActiveCfg = Debug|Any CPU
		{39FBCF15-7777-4700-A8FC-F6CA76BE62FA}.Debug|Any CPU.Build.0 = Debug|Any CPU
		{39FBCF15-7777-4700-A8FC-F6CA76BE62FA}.Release|Any CPU.ActiveCfg = Release|Any CPU
		{39FBCF15-7777-4700-A8FC-F6CA76BE62FA}.Release|Any CPU.Build.0 = Release|Any CPU
		{D61A9DF2-FF23-45C6-BAB7-64376B9C6794}.Debug|Any CPU.ActiveCfg = Debug|Any CPU
		{D61A9DF2-FF23-45C6-BAB7-64376B9C6794}.Debug|Any CPU.Build.0 = Debug|Any CPU
		{D61A9DF2-FF23-45C6-BAB7-64376B9C6794}.Release|Any CPU.ActiveCfg = Release|Any CPU
		{D61A9DF2-FF23-45C6-BAB7-64376B9C6794}.Release|Any CPU.Build.0 = Release|Any CPU
	EndGlobalSection
	GlobalSection(SolutionProperties) = preSolution
		HideSolutionNode = FALSE
	EndGlobalSection
	GlobalSection(ExtensibilityGlobals) = postSolution
		SolutionGuid = {FAE648B0-0DDF-4BF4-93E1-85BB0D289606}
	EndGlobalSection
EndGlobal
